// !$*UTF8*$!
{
	archiveVersion = 1;
	classes = {
	};
	objectVersion = 46;
	objects = {

/* Begin PBXBuildFile section */
		1AA7B1B14FC3E64A9E50A889 /* libPods-MBXExamples.a in Frameworks */ = {isa = PBXBuildFile; fileRef = 9D6DAA5B6A6E899E8988A703 /* libPods-MBXExamples.a */; };
		4017951B1D7534B500564BC3 /* SimpleMapActivity.swift in Sources */ = {isa = PBXBuildFile; fileRef = 4017951A1D7534B500564BC3 /* SimpleMapActivity.swift */; };
		4017951D1D7539ED00564BC3 /* SetStyleActivity.swift in Sources */ = {isa = PBXBuildFile; fileRef = 4017951C1D7539ED00564BC3 /* SetStyleActivity.swift */; };
		4052E1AD1D7E3298006726B3 /* StyleVectorSourceLayer.swift in Sources */ = {isa = PBXBuildFile; fileRef = 4052E1AC1D7E3298006726B3 /* StyleVectorSourceLayer.swift */; };
		408C0F361D72697B002C9868 /* AppDelegate.swift in Sources */ = {isa = PBXBuildFile; fileRef = 408C0F351D72697B002C9868 /* AppDelegate.swift */; };
		408C0F381D72697B002C9868 /* CategoryViewController.swift in Sources */ = {isa = PBXBuildFile; fileRef = 408C0F371D72697B002C9868 /* CategoryViewController.swift */; };
		408C0F3B1D72697B002C9868 /* Main.storyboard in Resources */ = {isa = PBXBuildFile; fileRef = 408C0F391D72697B002C9868 /* Main.storyboard */; };
		408C0F3D1D72697B002C9868 /* Assets.xcassets in Resources */ = {isa = PBXBuildFile; fileRef = 408C0F3C1D72697B002C9868 /* Assets.xcassets */; };
		408C0F401D72697B002C9868 /* LaunchScreen.storyboard in Resources */ = {isa = PBXBuildFile; fileRef = 408C0F3E1D72697B002C9868 /* LaunchScreen.storyboard */; };
		40BE2DEC1D7323CA009581A9 /* ExampleListCollectionViewController.swift in Sources */ = {isa = PBXBuildFile; fileRef = 40BE2DEB1D7323CA009581A9 /* ExampleListCollectionViewController.swift */; };
		40BE2DEE1D732FDB009581A9 /* CategoryCollectionViewCell.swift in Sources */ = {isa = PBXBuildFile; fileRef = 40BE2DED1D732FDB009581A9 /* CategoryCollectionViewCell.swift */; };
		40BE2DF11D736886009581A9 /* CategoryManifest.swift in Sources */ = {isa = PBXBuildFile; fileRef = 40BE2DF01D736886009581A9 /* CategoryManifest.swift */; };
		40D724AF1E4D213E00E2EE78 /* QueryShapesActivity.swift in Sources */ = {isa = PBXBuildFile; fileRef = 40D724AE1E4D213E00E2EE78 /* QueryShapesActivity.swift */; };
		40EE696E1D76617E00159B4F /* HeatMapActivity.swift in Sources */ = {isa = PBXBuildFile; fileRef = 40EE696D1D76617E00159B4F /* HeatMapActivity.swift */; };
		40FE9CF21D73ACB0003BACB4 /* MapContainerViewController.swift in Sources */ = {isa = PBXBuildFile; fileRef = 40FE9CF11D73ACB0003BACB4 /* MapContainerViewController.swift */; };
		40FE9CF51D73AD7D003BACB4 /* ExampleCollectionViewCell.swift in Sources */ = {isa = PBXBuildFile; fileRef = 40FE9CF41D73AD7D003BACB4 /* ExampleCollectionViewCell.swift */; };
		40FE9CF91D73BE18003BACB4 /* Constants.swift in Sources */ = {isa = PBXBuildFile; fileRef = 40FE9CF81D73BE18003BACB4 /* Constants.swift */; };
		40FE9D141D73F015003BACB4 /* MapboxMapActivity.swift in Sources */ = {isa = PBXBuildFile; fileRef = 40FE9D131D73F015003BACB4 /* MapboxMapActivity.swift */; };
		40FE9D171D73F0ED003BACB4 /* PolygonActivity.swift in Sources */ = {isa = PBXBuildFile; fileRef = 40FE9D161D73F0ED003BACB4 /* PolygonActivity.swift */; };
/* End PBXBuildFile section */

/* Begin PBXCopyFilesBuildPhase section */
		40FE9D101D73EE1A003BACB4 /* Embed Frameworks */ = {
			isa = PBXCopyFilesBuildPhase;
			buildActionMask = 2147483647;
			dstPath = "";
			dstSubfolderSpec = 10;
			files = (
			);
			name = "Embed Frameworks";
			runOnlyForDeploymentPostprocessing = 0;
		};
/* End PBXCopyFilesBuildPhase section */

/* Begin PBXFileReference section */
		00ECBB9E649C681428899FED /* Pods-MBXExamples.debug.xcconfig */ = {isa = PBXFileReference; includeInIndex = 1; lastKnownFileType = text.xcconfig; name = "Pods-MBXExamples.debug.xcconfig"; path = "Pods/Target Support Files/Pods-MBXExamples/Pods-MBXExamples.debug.xcconfig"; sourceTree = "<group>"; };
		20D02336C9ED571ED7A500E4 /* Pods-MBXExamples.release.xcconfig */ = {isa = PBXFileReference; includeInIndex = 1; lastKnownFileType = text.xcconfig; name = "Pods-MBXExamples.release.xcconfig"; path = "Pods/Target Support Files/Pods-MBXExamples/Pods-MBXExamples.release.xcconfig"; sourceTree = "<group>"; };
		4017951A1D7534B500564BC3 /* SimpleMapActivity.swift */ = {isa = PBXFileReference; fileEncoding = 4; lastKnownFileType = sourcecode.swift; path = SimpleMapActivity.swift; sourceTree = "<group>"; };
		4017951C1D7539ED00564BC3 /* SetStyleActivity.swift */ = {isa = PBXFileReference; fileEncoding = 4; lastKnownFileType = sourcecode.swift; path = SetStyleActivity.swift; sourceTree = "<group>"; };
		4052E1AC1D7E3298006726B3 /* StyleVectorSourceLayer.swift */ = {isa = PBXFileReference; fileEncoding = 4; lastKnownFileType = sourcecode.swift; path = StyleVectorSourceLayer.swift; sourceTree = "<group>"; };
		408C0F321D72697B002C9868 /* MBXExamples.app */ = {isa = PBXFileReference; explicitFileType = wrapper.application; includeInIndex = 0; path = MBXExamples.app; sourceTree = BUILT_PRODUCTS_DIR; };
		408C0F351D72697B002C9868 /* AppDelegate.swift */ = {isa = PBXFileReference; lastKnownFileType = sourcecode.swift; path = AppDelegate.swift; sourceTree = "<group>"; };
		408C0F371D72697B002C9868 /* CategoryViewController.swift */ = {isa = PBXFileReference; lastKnownFileType = sourcecode.swift; path = CategoryViewController.swift; sourceTree = "<group>"; };
		408C0F3A1D72697B002C9868 /* Base */ = {isa = PBXFileReference; lastKnownFileType = file.storyboard; name = Base; path = Base.lproj/Main.storyboard; sourceTree = "<group>"; };
		408C0F3C1D72697B002C9868 /* Assets.xcassets */ = {isa = PBXFileReference; lastKnownFileType = folder.assetcatalog; path = Assets.xcassets; sourceTree = "<group>"; };
		408C0F3F1D72697B002C9868 /* Base */ = {isa = PBXFileReference; lastKnownFileType = file.storyboard; name = Base; path = Base.lproj/LaunchScreen.storyboard; sourceTree = "<group>"; };
		408C0F411D72697B002C9868 /* Info.plist */ = {isa = PBXFileReference; lastKnownFileType = text.plist.xml; path = Info.plist; sourceTree = "<group>"; };
		40BE2DEB1D7323CA009581A9 /* ExampleListCollectionViewController.swift */ = {isa = PBXFileReference; fileEncoding = 4; lastKnownFileType = sourcecode.swift; path = ExampleListCollectionViewController.swift; sourceTree = "<group>"; };
		40BE2DED1D732FDB009581A9 /* CategoryCollectionViewCell.swift */ = {isa = PBXFileReference; fileEncoding = 4; lastKnownFileType = sourcecode.swift; path = CategoryCollectionViewCell.swift; sourceTree = "<group>"; };
		40BE2DF01D736886009581A9 /* CategoryManifest.swift */ = {isa = PBXFileReference; fileEncoding = 4; lastKnownFileType = sourcecode.swift; path = CategoryManifest.swift; sourceTree = "<group>"; };
		40D724AE1E4D213E00E2EE78 /* QueryShapesActivity.swift */ = {isa = PBXFileReference; fileEncoding = 4; lastKnownFileType = sourcecode.swift; path = QueryShapesActivity.swift; sourceTree = "<group>"; };
		40EE696D1D76617E00159B4F /* HeatMapActivity.swift */ = {isa = PBXFileReference; fileEncoding = 4; lastKnownFileType = sourcecode.swift; path = HeatMapActivity.swift; sourceTree = "<group>"; };
		40FE9CF11D73ACB0003BACB4 /* MapContainerViewController.swift */ = {isa = PBXFileReference; fileEncoding = 4; lastKnownFileType = sourcecode.swift; path = MapContainerViewController.swift; sourceTree = "<group>"; };
		40FE9CF41D73AD7D003BACB4 /* ExampleCollectionViewCell.swift */ = {isa = PBXFileReference; fileEncoding = 4; lastKnownFileType = sourcecode.swift; path = ExampleCollectionViewCell.swift; sourceTree = "<group>"; };
		40FE9CF81D73BE18003BACB4 /* Constants.swift */ = {isa = PBXFileReference; fileEncoding = 4; lastKnownFileType = sourcecode.swift; path = Constants.swift; sourceTree = "<group>"; };
		40FE9D131D73F015003BACB4 /* MapboxMapActivity.swift */ = {isa = PBXFileReference; fileEncoding = 4; lastKnownFileType = sourcecode.swift; path = MapboxMapActivity.swift; sourceTree = "<group>"; };
		40FE9D161D73F0ED003BACB4 /* PolygonActivity.swift */ = {isa = PBXFileReference; fileEncoding = 4; lastKnownFileType = sourcecode.swift; path = PolygonActivity.swift; sourceTree = "<group>"; };
		9D6DAA5B6A6E899E8988A703 /* libPods-MBXExamples.a */ = {isa = PBXFileReference; explicitFileType = archive.ar; includeInIndex = 0; path = "libPods-MBXExamples.a"; sourceTree = BUILT_PRODUCTS_DIR; };
/* End PBXFileReference section */

/* Begin PBXFrameworksBuildPhase section */
		408C0F2F1D72697B002C9868 /* Frameworks */ = {
			isa = PBXFrameworksBuildPhase;
			buildActionMask = 2147483647;
			files = (
				1AA7B1B14FC3E64A9E50A889 /* libPods-MBXExamples.a in Frameworks */,
			);
			runOnlyForDeploymentPostprocessing = 0;
		};
/* End PBXFrameworksBuildPhase section */

/* Begin PBXGroup section */
		0AC219ED54AEB16D0143D916 /* Pods */ = {
			isa = PBXGroup;
			children = (
				00ECBB9E649C681428899FED /* Pods-MBXExamples.debug.xcconfig */,
				20D02336C9ED571ED7A500E4 /* Pods-MBXExamples.release.xcconfig */,
			);
			name = Pods;
			sourceTree = "<group>";
		};
		401795191D75348900564BC3 /* Getting Started */ = {
			isa = PBXGroup;
			children = (
				4017951A1D7534B500564BC3 /* SimpleMapActivity.swift */,
				4017951C1D7539ED00564BC3 /* SetStyleActivity.swift */,
			);
			name = "Getting Started";
			sourceTree = "<group>";
		};
		4052E1AA1D7E31A4006726B3 /* Experimental */ = {
			isa = PBXGroup;
			children = (
				4052E1AC1D7E3298006726B3 /* StyleVectorSourceLayer.swift */,
			);
			name = Experimental;
			sourceTree = "<group>";
		};
		408C0F291D72697B002C9868 = {
			isa = PBXGroup;
			children = (
				408C0F341D72697B002C9868 /* MBXExamples */,
				408C0F331D72697B002C9868 /* Products */,
				0AC219ED54AEB16D0143D916 /* Pods */,
				A0FA56F5730037E2BDC156D1 /* Frameworks */,
			);
			sourceTree = "<group>";
		};
		408C0F331D72697B002C9868 /* Products */ = {
			isa = PBXGroup;
			children = (
				408C0F321D72697B002C9868 /* MBXExamples.app */,
			);
			name = Products;
			sourceTree = "<group>";
		};
		408C0F341D72697B002C9868 /* MBXExamples */ = {
			isa = PBXGroup;
			children = (
				408C0F471D72698C002C9868 /* Common */,
				40FE9D121D73EF83003BACB4 /* Examples */,
				408C0F481D72699B002C9868 /* Application */,
			);
			path = MBXExamples;
			sourceTree = "<group>";
		};
		408C0F471D72698C002C9868 /* Common */ = {
			isa = PBXGroup;
			children = (
				408C0F391D72697B002C9868 /* Main.storyboard */,
				408C0F3E1D72697B002C9868 /* LaunchScreen.storyboard */,
				408C0F3C1D72697B002C9868 /* Assets.xcassets */,
				408C0F411D72697B002C9868 /* Info.plist */,
			);
			name = Common;
			sourceTree = "<group>";
		};
		408C0F481D72699B002C9868 /* Application */ = {
			isa = PBXGroup;
			children = (
				408C0F351D72697B002C9868 /* AppDelegate.swift */,
				40FE9CF81D73BE18003BACB4 /* Constants.swift */,
				40BE2DF01D736886009581A9 /* CategoryManifest.swift */,
				40BE2DE91D732382009581A9 /* Category View */,
				40BE2DEA1D73238E009581A9 /* ExampleList View */,
				40FE9CF01D73AC85003BACB4 /* Map Container View */,
			);
			name = Application;
			sourceTree = "<group>";
		};
		40BE2DE91D732382009581A9 /* Category View */ = {
			isa = PBXGroup;
			children = (
				40BE2DEF1D732FE5009581A9 /* Cells */,
				408C0F371D72697B002C9868 /* CategoryViewController.swift */,
			);
			name = "Category View";
			sourceTree = "<group>";
		};
		40BE2DEA1D73238E009581A9 /* ExampleList View */ = {
			isa = PBXGroup;
			children = (
				40FE9CF31D73AD4B003BACB4 /* Cells */,
				40BE2DEB1D7323CA009581A9 /* ExampleListCollectionViewController.swift */,
			);
			name = "ExampleList View";
			sourceTree = "<group>";
		};
		40BE2DEF1D732FE5009581A9 /* Cells */ = {
			isa = PBXGroup;
			children = (
				40BE2DED1D732FDB009581A9 /* CategoryCollectionViewCell.swift */,
			);
			name = Cells;
			sourceTree = "<group>";
		};
		40D724AD1E4D20D700E2EE78 /* Runtime Styling */ = {
			isa = PBXGroup;
			children = (
				40D724AE1E4D213E00E2EE78 /* QueryShapesActivity.swift */,
			);
			name = "Runtime Styling";
			sourceTree = "<group>";
		};
		40FE9CF01D73AC85003BACB4 /* Map Container View */ = {
			isa = PBXGroup;
			children = (
				40FE9CF11D73ACB0003BACB4 /* MapContainerViewController.swift */,
			);
			name = "Map Container View";
			sourceTree = "<group>";
		};
		40FE9CF31D73AD4B003BACB4 /* Cells */ = {
			isa = PBXGroup;
			children = (
				40FE9CF41D73AD7D003BACB4 /* ExampleCollectionViewCell.swift */,
			);
			name = Cells;
			sourceTree = "<group>";
		};
		40FE9D121D73EF83003BACB4 /* Examples */ = {
			isa = PBXGroup;
			children = (
				40FE9D131D73F015003BACB4 /* MapboxMapActivity.swift */,
				40FE9D151D73F0CA003BACB4 /* Annotations */,
				4052E1AA1D7E31A4006726B3 /* Experimental */,
				401795191D75348900564BC3 /* Getting Started */,
				40D724AD1E4D20D700E2EE78 /* Runtime Styling */,
			);
			name = Examples;
			sourceTree = "<group>";
		};
		40FE9D151D73F0CA003BACB4 /* Annotations */ = {
			isa = PBXGroup;
			children = (
				40FE9D161D73F0ED003BACB4 /* PolygonActivity.swift */,
				40EE696D1D76617E00159B4F /* HeatMapActivity.swift */,
			);
			name = Annotations;
			sourceTree = "<group>";
		};
		A0FA56F5730037E2BDC156D1 /* Frameworks */ = {
			isa = PBXGroup;
			children = (
				9D6DAA5B6A6E899E8988A703 /* libPods-MBXExamples.a */,
			);
			name = Frameworks;
			sourceTree = "<group>";
		};
/* End PBXGroup section */

/* Begin PBXNativeTarget section */
		408C0F311D72697B002C9868 /* MBXExamples */ = {
			isa = PBXNativeTarget;
			buildConfigurationList = 408C0F441D72697B002C9868 /* Build configuration list for PBXNativeTarget "MBXExamples" */;
			buildPhases = (
				70C6D3062501F0AB9F2B8D73 /* [CP] Check Pods Manifest.lock */,
				408C0F2E1D72697B002C9868 /* Sources */,
				408C0F2F1D72697B002C9868 /* Frameworks */,
				408C0F301D72697B002C9868 /* Resources */,
				40FE9D021D73EBEA003BACB4 /* Mapbox Copy Token */,
				40FE9D101D73EE1A003BACB4 /* Embed Frameworks */,
				E6B1EA95061BF46BB33A130A /* [CP] Embed Pods Frameworks */,
				95856502A3BF9049B8BFF6EE /* [CP] Copy Pods Resources */,
			);
			buildRules = (
			);
			dependencies = (
			);
			name = MBXExamples;
			productName = MBXExamples;
			productReference = 408C0F321D72697B002C9868 /* MBXExamples.app */;
			productType = "com.apple.product-type.application";
		};
/* End PBXNativeTarget section */

/* Begin PBXProject section */
		408C0F2A1D72697B002C9868 /* Project object */ = {
			isa = PBXProject;
			attributes = {
				LastSwiftUpdateCheck = 0800;
				LastUpgradeCheck = 0820;
				ORGANIZATIONNAME = Rebounds;
				TargetAttributes = {
					408C0F311D72697B002C9868 = {
						CreatedOnToolsVersion = 8.0;
						DevelopmentTeam = U2WTRY45TY;
						ProvisioningStyle = Automatic;
					};
				};
			};
			buildConfigurationList = 408C0F2D1D72697B002C9868 /* Build configuration list for PBXProject "MBXExamples" */;
			compatibilityVersion = "Xcode 3.2";
			developmentRegion = English;
			hasScannedForEncodings = 0;
			knownRegions = (
				en,
				Base,
			);
			mainGroup = 408C0F291D72697B002C9868;
			productRefGroup = 408C0F331D72697B002C9868 /* Products */;
			projectDirPath = "";
			projectRoot = "";
			targets = (
				408C0F311D72697B002C9868 /* MBXExamples */,
			);
		};
/* End PBXProject section */

/* Begin PBXResourcesBuildPhase section */
		408C0F301D72697B002C9868 /* Resources */ = {
			isa = PBXResourcesBuildPhase;
			buildActionMask = 2147483647;
			files = (
				408C0F401D72697B002C9868 /* LaunchScreen.storyboard in Resources */,
				408C0F3D1D72697B002C9868 /* Assets.xcassets in Resources */,
				408C0F3B1D72697B002C9868 /* Main.storyboard in Resources */,
			);
			runOnlyForDeploymentPostprocessing = 0;
		};
/* End PBXResourcesBuildPhase section */

/* Begin PBXShellScriptBuildPhase section */
		40FE9D021D73EBEA003BACB4 /* Mapbox Copy Token */ = {
			isa = PBXShellScriptBuildPhase;
			buildActionMask = 2147483647;
			files = (
			);
			inputPaths = (
			);
			name = "Mapbox Copy Token";
			outputPaths = (
			);
			runOnlyForDeploymentPostprocessing = 0;
			shellPath = /bin/sh;
			shellScript = "token_file=~/.mapbox\ntoken=\"$(cat $token_file)\"\nif [ \"$token\" ]; then\nplutil -replace MGLMapboxAccessToken -string $token \"$TARGET_BUILD_DIR/$INFOPLIST_PATH\"\nelse\necho 'error: Missing Mapbox access token'\nopen 'https://www.mapbox.com/studio/account/tokens/'\necho \"error: Get an access token from <https://www.mapbox.com/studio/account/tokens/>, then create a new file at $token_file that contains the access token.\"\nexit 1\nfi";
		};
		70C6D3062501F0AB9F2B8D73 /* [CP] Check Pods Manifest.lock */ = {
			isa = PBXShellScriptBuildPhase;
			buildActionMask = 2147483647;
			files = (
			);
			inputPaths = (
			);
			name = "[CP] Check Pods Manifest.lock";
			outputPaths = (
			);
			runOnlyForDeploymentPostprocessing = 0;
			shellPath = /bin/sh;
			shellScript = "diff \"${PODS_ROOT}/../Podfile.lock\" \"${PODS_ROOT}/Manifest.lock\" > /dev/null\nif [ $? != 0 ] ; then\n    # print error to STDERR\n    echo \"error: The sandbox is not in sync with the Podfile.lock. Run 'pod install' or update your CocoaPods installation.\" >&2\n    exit 1\nfi\n";
			showEnvVarsInLog = 0;
		};
		95856502A3BF9049B8BFF6EE /* [CP] Copy Pods Resources */ = {
			isa = PBXShellScriptBuildPhase;
			buildActionMask = 2147483647;
			files = (
			);
			inputPaths = (
			);
			name = "[CP] Copy Pods Resources";
			outputPaths = (
			);
			runOnlyForDeploymentPostprocessing = 0;
			shellPath = /bin/sh;
			shellScript = "\"${SRCROOT}/Pods/Target Support Files/Pods-MBXExamples/Pods-MBXExamples-resources.sh\"\n";
			showEnvVarsInLog = 0;
		};
		E6B1EA95061BF46BB33A130A /* [CP] Embed Pods Frameworks */ = {
			isa = PBXShellScriptBuildPhase;
			buildActionMask = 2147483647;
			files = (
			);
			inputPaths = (
			);
			name = "[CP] Embed Pods Frameworks";
			outputPaths = (
			);
			runOnlyForDeploymentPostprocessing = 0;
			shellPath = /bin/sh;
			shellScript = "\"${SRCROOT}/Pods/Target Support Files/Pods-MBXExamples/Pods-MBXExamples-frameworks.sh\"\n";
			showEnvVarsInLog = 0;
		};
/* End PBXShellScriptBuildPhase section */

/* Begin PBXSourcesBuildPhase section */
		408C0F2E1D72697B002C9868 /* Sources */ = {
			isa = PBXSourcesBuildPhase;
			buildActionMask = 2147483647;
			files = (
				40D724AF1E4D213E00E2EE78 /* QueryShapesActivity.swift in Sources */,
				40FE9CF21D73ACB0003BACB4 /* MapContainerViewController.swift in Sources */,
				40BE2DEE1D732FDB009581A9 /* CategoryCollectionViewCell.swift in Sources */,
				40BE2DF11D736886009581A9 /* CategoryManifest.swift in Sources */,
				40BE2DEC1D7323CA009581A9 /* ExampleListCollectionViewController.swift in Sources */,
				4017951B1D7534B500564BC3 /* SimpleMapActivity.swift in Sources */,
				40FE9D171D73F0ED003BACB4 /* PolygonActivity.swift in Sources */,
				4052E1AD1D7E3298006726B3 /* StyleVectorSourceLayer.swift in Sources */,
				408C0F381D72697B002C9868 /* CategoryViewController.swift in Sources */,
				40FE9CF51D73AD7D003BACB4 /* ExampleCollectionViewCell.swift in Sources */,
				40FE9D141D73F015003BACB4 /* MapboxMapActivity.swift in Sources */,
				408C0F361D72697B002C9868 /* AppDelegate.swift in Sources */,
				40EE696E1D76617E00159B4F /* HeatMapActivity.swift in Sources */,
				40FE9CF91D73BE18003BACB4 /* Constants.swift in Sources */,
				4017951D1D7539ED00564BC3 /* SetStyleActivity.swift in Sources */,
			);
			runOnlyForDeploymentPostprocessing = 0;
		};
/* End PBXSourcesBuildPhase section */

/* Begin PBXVariantGroup section */
		408C0F391D72697B002C9868 /* Main.storyboard */ = {
			isa = PBXVariantGroup;
			children = (
				408C0F3A1D72697B002C9868 /* Base */,
			);
			name = Main.storyboard;
			sourceTree = "<group>";
		};
		408C0F3E1D72697B002C9868 /* LaunchScreen.storyboard */ = {
			isa = PBXVariantGroup;
			children = (
				408C0F3F1D72697B002C9868 /* Base */,
			);
			name = LaunchScreen.storyboard;
			sourceTree = "<group>";
		};
/* End PBXVariantGroup section */

/* Begin XCBuildConfiguration section */
		408C0F421D72697B002C9868 /* Debug */ = {
			isa = XCBuildConfiguration;
			buildSettings = {
				ALWAYS_SEARCH_USER_PATHS = NO;
				CLANG_ANALYZER_NONNULL = YES;
				CLANG_CXX_LANGUAGE_STANDARD = "gnu++0x";
				CLANG_CXX_LIBRARY = "libc++";
				CLANG_ENABLE_MODULES = YES;
				CLANG_ENABLE_OBJC_ARC = YES;
				CLANG_WARN_BOOL_CONVERSION = YES;
				CLANG_WARN_CONSTANT_CONVERSION = YES;
				CLANG_WARN_DIRECT_OBJC_ISA_USAGE = YES_ERROR;
				CLANG_WARN_DOCUMENTATION_COMMENTS = YES;
				CLANG_WARN_EMPTY_BODY = YES;
				CLANG_WARN_ENUM_CONVERSION = YES;
				CLANG_WARN_INFINITE_RECURSION = YES;
				CLANG_WARN_INT_CONVERSION = YES;
				CLANG_WARN_OBJC_ROOT_CLASS = YES_ERROR;
				CLANG_WARN_SUSPICIOUS_MOVE = YES;
				CLANG_WARN_SUSPICIOUS_MOVES = YES;
				CLANG_WARN_UNREACHABLE_CODE = YES;
				CLANG_WARN__DUPLICATE_METHOD_MATCH = YES;
				"CODE_SIGN_IDENTITY[sdk=iphoneos*]" = "iPhone Developer";
				COPY_PHASE_STRIP = NO;
				DEBUG_INFORMATION_FORMAT = dwarf;
				ENABLE_STRICT_OBJC_MSGSEND = YES;
				ENABLE_TESTABILITY = YES;
				GCC_C_LANGUAGE_STANDARD = gnu99;
				GCC_DYNAMIC_NO_PIC = NO;
				GCC_NO_COMMON_BLOCKS = YES;
				GCC_OPTIMIZATION_LEVEL = 0;
				GCC_PREPROCESSOR_DEFINITIONS = (
					"DEBUG=1",
					"$(inherited)",
				);
				GCC_WARN_64_TO_32_BIT_CONVERSION = YES;
				GCC_WARN_ABOUT_RETURN_TYPE = YES_ERROR;
				GCC_WARN_UNDECLARED_SELECTOR = YES;
				GCC_WARN_UNINITIALIZED_AUTOS = YES_AGGRESSIVE;
				GCC_WARN_UNUSED_FUNCTION = YES;
				GCC_WARN_UNUSED_VARIABLE = YES;
				IPHONEOS_DEPLOYMENT_TARGET = 10.0;
				MTL_ENABLE_DEBUG_INFO = YES;
				ONLY_ACTIVE_ARCH = YES;
				SDKROOT = iphoneos;
				SWIFT_ACTIVE_COMPILATION_CONDITIONS = DEBUG;
				SWIFT_OPTIMIZATION_LEVEL = "-Onone";
			};
			name = Debug;
		};
		408C0F431D72697B002C9868 /* Release */ = {
			isa = XCBuildConfiguration;
			buildSettings = {
				ALWAYS_SEARCH_USER_PATHS = NO;
				CLANG_ANALYZER_NONNULL = YES;
				CLANG_CXX_LANGUAGE_STANDARD = "gnu++0x";
				CLANG_CXX_LIBRARY = "libc++";
				CLANG_ENABLE_MODULES = YES;
				CLANG_ENABLE_OBJC_ARC = YES;
				CLANG_WARN_BOOL_CONVERSION = YES;
				CLANG_WARN_CONSTANT_CONVERSION = YES;
				CLANG_WARN_DIRECT_OBJC_ISA_USAGE = YES_ERROR;
				CLANG_WARN_DOCUMENTATION_COMMENTS = YES;
				CLANG_WARN_EMPTY_BODY = YES;
				CLANG_WARN_ENUM_CONVERSION = YES;
				CLANG_WARN_INFINITE_RECURSION = YES;
				CLANG_WARN_INT_CONVERSION = YES;
				CLANG_WARN_OBJC_ROOT_CLASS = YES_ERROR;
				CLANG_WARN_SUSPICIOUS_MOVE = YES;
				CLANG_WARN_SUSPICIOUS_MOVES = YES;
				CLANG_WARN_UNREACHABLE_CODE = YES;
				CLANG_WARN__DUPLICATE_METHOD_MATCH = YES;
				"CODE_SIGN_IDENTITY[sdk=iphoneos*]" = "iPhone Developer";
				COPY_PHASE_STRIP = NO;
				DEBUG_INFORMATION_FORMAT = "dwarf-with-dsym";
				ENABLE_NS_ASSERTIONS = NO;
				ENABLE_STRICT_OBJC_MSGSEND = YES;
				GCC_C_LANGUAGE_STANDARD = gnu99;
				GCC_NO_COMMON_BLOCKS = YES;
				GCC_WARN_64_TO_32_BIT_CONVERSION = YES;
				GCC_WARN_ABOUT_RETURN_TYPE = YES_ERROR;
				GCC_WARN_UNDECLARED_SELECTOR = YES;
				GCC_WARN_UNINITIALIZED_AUTOS = YES_AGGRESSIVE;
				GCC_WARN_UNUSED_FUNCTION = YES;
				GCC_WARN_UNUSED_VARIABLE = YES;
				IPHONEOS_DEPLOYMENT_TARGET = 10.0;
				MTL_ENABLE_DEBUG_INFO = NO;
				SDKROOT = iphoneos;
				SWIFT_OPTIMIZATION_LEVEL = "-Owholemodule";
				VALIDATE_PRODUCT = YES;
			};
			name = Release;
		};
		408C0F451D72697B002C9868 /* Debug */ = {
			isa = XCBuildConfiguration;
			baseConfigurationReference = 00ECBB9E649C681428899FED /* Pods-MBXExamples.debug.xcconfig */;
			buildSettings = {
				ASSETCATALOG_COMPILER_APPICON_NAME = AppIcon;
				DEVELOPMENT_TEAM = U2WTRY45TY;
				FRAMEWORK_SEARCH_PATHS = "$(inherited)";
				INFOPLIST_FILE = MBXExamples/Info.plist;
				IPHONEOS_DEPLOYMENT_TARGET = 9.0;
				LD_RUNPATH_SEARCH_PATHS = "$(inherited) @executable_path/Frameworks";
				OTHER_LDFLAGS = "$(inherited)";
				PRODUCT_BUNDLE_IDENTIFIER = net.rebounds.MBXExamples;
				PRODUCT_NAME = "$(TARGET_NAME)";
				SWIFT_VERSION = 3.0;
			};
			name = Debug;
		};
		408C0F461D72697B002C9868 /* Release */ = {
			isa = XCBuildConfiguration;
			baseConfigurationReference = 20D02336C9ED571ED7A500E4 /* Pods-MBXExamples.release.xcconfig */;
			buildSettings = {
				ASSETCATALOG_COMPILER_APPICON_NAME = AppIcon;
				DEVELOPMENT_TEAM = U2WTRY45TY;
				FRAMEWORK_SEARCH_PATHS = "$(inherited)";
				INFOPLIST_FILE = MBXExamples/Info.plist;
				IPHONEOS_DEPLOYMENT_TARGET = 9.0;
				LD_RUNPATH_SEARCH_PATHS = "$(inherited) @executable_path/Frameworks";
				OTHER_LDFLAGS = "$(inherited)";
				PRODUCT_BUNDLE_IDENTIFIER = net.rebounds.MBXExamples;
				PRODUCT_NAME = "$(TARGET_NAME)";
				SWIFT_VERSION = 3.0;
			};
			name = Release;
		};
/* End XCBuildConfiguration section */

/* Begin XCConfigurationList section */
		408C0F2D1D72697B002C9868 /* Build configuration list for PBXProject "MBXExamples" */ = {
			isa = XCConfigurationList;
			buildConfigurations = (
				408C0F421D72697B002C9868 /* Debug */,
				408C0F431D72697B002C9868 /* Release */,
			);
			defaultConfigurationIsVisible = 0;
			defaultConfigurationName = Release;
		};
		408C0F441D72697B002C9868 /* Build configuration list for PBXNativeTarget "MBXExamples" */ = {
			isa = XCConfigurationList;
			buildConfigurations = (
				408C0F451D72697B002C9868 /* Debug */,
				408C0F461D72697B002C9868 /* Release */,
			);
			defaultConfigurationIsVisible = 0;
			defaultConfigurationName = Release;
		};
/* End XCConfigurationList section */
	};
	rootObject = 408C0F2A1D72697B002C9868 /* Project object */;
}
